
Microsoft Visual Studio Solution File, Format Version 12.00
# Visual Studio Version 17
VisualStudioVersion = 17.0.31903.59
MinimumVisualStudioVersion = 10.0.40219.1
Project("{2150E333-8FDC-42A3-9474-1A3956D46DE8}") = "src", "src", "{D8590198-9FAC-4141-A23D-16CD230DEB21}"
EndProject
Project("{FAE04EC0-301F-11D3-BF4B-00C04F79EFBC}") = "BlogApi", "src\BlogApi\BlogApi.csproj", "{65A0A480-7033-4107-8ED7-EFFF22F95CFC}"
EndProject
Project("{2150E333-8FDC-42A3-9474-1A3956D46DE8}") = "tests", "tests", "{0E705707-5B1B-41D1-9A96-6D72EAF92247}"
EndProject
Project("{FAE04EC0-301F-11D3-BF4B-00C04F79EFBC}") = "BlogApi.Tests", "tests\BlogApi.Tests\BlogApi.Tests.csproj", "{C0A4FC7A-075D-4B87-B7A6-BB0D269E1233}"
EndProject
Global
	GlobalSection(SolutionConfigurationPlatforms) = preSolution
		Debug|Any CPU = Debug|Any CPU
		Release|Any CPU = Release|Any CPU
	EndGlobalSection
	GlobalSection(SolutionProperties) = preSolution
		HideSolutionNode = FALSE
	EndGlobalSection
	GlobalSection(ProjectConfigurationPlatforms) = postSolution
		{65A0A480-7033-4107-8ED7-EFFF22F95CFC}.Debug|Any CPU.ActiveCfg = Debug|Any CPU
		{65A0A480-7033-4107-8ED7-EFFF22F95CFC}.Debug|Any CPU.Build.0 = Debug|Any CPU
		{65A0A480-7033-4107-8ED7-EFFF22F95CFC}.Release|Any CPU.ActiveCfg = Release|Any CPU
		{65A0A480-7033-4107-8ED7-EFFF22F95CFC}.Release|Any CPU.Build.0 = Release|Any CPU
		{C0A4FC7A-075D-4B87-B7A6-BB0D269E1233}.Debug|Any CPU.ActiveCfg = Debug|Any CPU
		{C0A4FC7A-075D-4B87-B7A6-BB0D269E1233}.Debug|Any CPU.Build.0 = Debug|Any CPU
		{C0A4FC7A-075D-4B87-B7A6-BB0D269E1233}.Release|Any CPU.ActiveCfg = Release|Any CPU
		{C0A4FC7A-075D-4B87-B7A6-BB0D269E1233}.Release|Any CPU.Build.0 = Release|Any CPU
	EndGlobalSection
	GlobalSection(NestedProjects) = preSolution
		{65A0A480-7033-4107-8ED7-EFFF22F95CFC} = {D8590198-9FAC-4141-A23D-16CD230DEB21}
		{C0A4FC7A-075D-4B87-B7A6-BB0D269E1233} = {0E705707-5B1B-41D1-9A96-6D72EAF92247}
	EndGlobalSection
EndGlobal
